
Microsoft Visual Studio Solution File, Format Version 12.00
# Visual Studio Version 16
VisualStudioVersion = 16.0.32602.291
MinimumVisualStudioVersion = 10.0.40219.1
Project("{2150E333-8FDC-42A3-9474-1A3956D46DE8}") = "src", "src", "{79B66C58-8343-44F4-BA1E-4D19110FE1AC}"
EndProject
Project("{2150E333-8FDC-42A3-9474-1A3956D46DE8}") = "Building Blocks", "Building Blocks", "{F7B94812-0E6F-4E63-B652-FBA48F38BB78}"
EndProject
Project("{2150E333-8FDC-42A3-9474-1A3956D46DE8}") = "Services", "Services", "{04B8FDF1-7577-495D-8DAB-10808B2621A8}"
EndProject
Project("{2150E333-8FDC-42A3-9474-1A3956D46DE8}") = "Web", "Web", "{2DCF2873-69A5-4E77-B34C-13185E91E5D3}"
EndProject
Project("{2150E333-8FDC-42A3-9474-1A3956D46DE8}") = "Identidade", "Identidade", "{BB8D1378-93AB-4B59-B23B-A66DE8F7FE4D}"
EndProject
Project("{FAE04EC0-301F-11D3-BF4B-00C04F79EFBC}") = "NSE.Identidade.Api", "src\services\NSE.Identidade.Api\NSE.Identidade.Api.csproj", "{74431E4D-D84C-49C8-AA8B-03B1A111C54F}"
EndProject
Project("{FAE04EC0-301F-11D3-BF4B-00C04F79EFBC}") = "NSE.WebApp.MVC", "NSE.WebApp.MVC\NSE.WebApp.MVC.csproj", "{FC0B7947-C599-456E-8E72-2F3F31A88D7B}"
EndProject
Project("{2150E333-8FDC-42A3-9474-1A3956D46DE8}") = "Core", "Core", "{94E83C36-9D81-48F2-BC7E-604E9E27AEA7}"
EndProject
Project("{FAE04EC0-301F-11D3-BF4B-00C04F79EFBC}") = "NSE.Core", "src\building blocks\NSE.Core\NSE.Core.csproj", "{FA67A7F9-D3AC-4ECF-A3E2-70685FAD667A}"
EndProject
Project("{2150E333-8FDC-42A3-9474-1A3956D46DE8}") = "Carrinho", "Carrinho", "{2E0CE6B6-C904-4592-9D21-CAA383A48DFF}"
EndProject
Project("{FAE04EC0-301F-11D3-BF4B-00C04F79EFBC}") = "NSE.Carrinho.Api", "src\services\NSE.Carrinho.Api\NSE.Carrinho.Api.csproj", "{11A36F02-7423-4450-B981-E8A4547254CC}"
EndProject
Project("{2150E333-8FDC-42A3-9474-1A3956D46DE8}") = "Catalago", "Catalago", "{FFE727E3-F6B1-436C-AACF-B7A781A41544}"
EndProject
Project("{FAE04EC0-301F-11D3-BF4B-00C04F79EFBC}") = "NSE.Catalago.Api", "src\services\NSE.Catalago.Api\NSE.Catalago.Api.csproj", "{5751B3A7-147E-445F-A65D-C3849C4444CC}"
EndProject
Project("{2150E333-8FDC-42A3-9474-1A3956D46DE8}") = "Cliente", "Cliente", "{55E25142-CE82-4495-B96A-D57BF4C607AA}"
EndProject
Project("{FAE04EC0-301F-11D3-BF4B-00C04F79EFBC}") = "NSE.Cliente.Api", "src\services\NSE.Cliente.Api\NSE.Cliente.Api.csproj", "{A79EA279-B940-4A55-ACE6-3B05BE8F4049}"
EndProject
Project("{2150E333-8FDC-42A3-9474-1A3956D46DE8}") = "Pagamento", "Pagamento", "{C5D06178-3BA1-496F-918E-F8D32FE40C7F}"
EndProject
Project("{FAE04EC0-301F-11D3-BF4B-00C04F79EFBC}") = "NSE.Pagamento.Api", "src\services\NSE.Pagamento.Api\NSE.Pagamento.Api.csproj", "{EF7177BC-ABE8-4013-8D27-98A10CABDDC3}"
EndProject
Project("{2150E333-8FDC-42A3-9474-1A3956D46DE8}") = "Pedido", "Pedido", "{68ABD310-40AD-4F19-81C1-7A8738894035}"
EndProject
Project("{FAE04EC0-301F-11D3-BF4B-00C04F79EFBC}") = "NSE.Pedido.Api", "src\services\NSE.Pedido.Api\NSE.Pedido.Api.csproj", "{2B7D73F9-9C08-4829-9ECB-33BF63F71922}"
EndProject
Global
	GlobalSection(SolutionConfigurationPlatforms) = preSolution
		Debug|Any CPU = Debug|Any CPU
		Release|Any CPU = Release|Any CPU
	EndGlobalSection
	GlobalSection(ProjectConfigurationPlatforms) = postSolution
		{74431E4D-D84C-49C8-AA8B-03B1A111C54F}.Debug|Any CPU.ActiveCfg = Debug|Any CPU
		{74431E4D-D84C-49C8-AA8B-03B1A111C54F}.Debug|Any CPU.Build.0 = Debug|Any CPU
		{74431E4D-D84C-49C8-AA8B-03B1A111C54F}.Release|Any CPU.ActiveCfg = Release|Any CPU
		{74431E4D-D84C-49C8-AA8B-03B1A111C54F}.Release|Any CPU.Build.0 = Release|Any CPU
		{FC0B7947-C599-456E-8E72-2F3F31A88D7B}.Debug|Any CPU.ActiveCfg = Debug|Any CPU
		{FC0B7947-C599-456E-8E72-2F3F31A88D7B}.Debug|Any CPU.Build.0 = Debug|Any CPU
		{FC0B7947-C599-456E-8E72-2F3F31A88D7B}.Release|Any CPU.ActiveCfg = Release|Any CPU
		{FC0B7947-C599-456E-8E72-2F3F31A88D7B}.Release|Any CPU.Build.0 = Release|Any CPU
		{FA67A7F9-D3AC-4ECF-A3E2-70685FAD667A}.Debug|Any CPU.ActiveCfg = Debug|Any CPU
		{FA67A7F9-D3AC-4ECF-A3E2-70685FAD667A}.Debug|Any CPU.Build.0 = Debug|Any CPU
		{FA67A7F9-D3AC-4ECF-A3E2-70685FAD667A}.Release|Any CPU.ActiveCfg = Release|Any CPU
		{FA67A7F9-D3AC-4ECF-A3E2-70685FAD667A}.Release|Any CPU.Build.0 = Release|Any CPU
		{11A36F02-7423-4450-B981-E8A4547254CC}.Debug|Any CPU.ActiveCfg = Debug|Any CPU
		{11A36F02-7423-4450-B981-E8A4547254CC}.Debug|Any CPU.Build.0 = Debug|Any CPU
		{11A36F02-7423-4450-B981-E8A4547254CC}.Release|Any CPU.ActiveCfg = Release|Any CPU
		{11A36F02-7423-4450-B981-E8A4547254CC}.Release|Any CPU.Build.0 = Release|Any CPU
		{5751B3A7-147E-445F-A65D-C3849C4444CC}.Debug|Any CPU.ActiveCfg = Debug|Any CPU
		{5751B3A7-147E-445F-A65D-C3849C4444CC}.Debug|Any CPU.Build.0 = Debug|Any CPU
		{5751B3A7-147E-445F-A65D-C3849C4444CC}.Release|Any CPU.ActiveCfg = Release|Any CPU
		{5751B3A7-147E-445F-A65D-C3849C4444CC}.Release|Any CPU.Build.0 = Release|Any CPU
		{A79EA279-B940-4A55-ACE6-3B05BE8F4049}.Debug|Any CPU.ActiveCfg = Debug|Any CPU
		{A79EA279-B940-4A55-ACE6-3B05BE8F4049}.Debug|Any CPU.Build.0 = Debug|Any CPU
		{A79EA279-B940-4A55-ACE6-3B05BE8F4049}.Release|Any CPU.ActiveCfg = Release|Any CPU
		{A79EA279-B940-4A55-ACE6-3B05BE8F4049}.Release|Any CPU.Build.0 = Release|Any CPU
		{EF7177BC-ABE8-4013-8D27-98A10CABDDC3}.Debug|Any CPU.ActiveCfg = Debug|Any CPU
		{EF7177BC-ABE8-4013-8D27-98A10CABDDC3}.Debug|Any CPU.Build.0 = Debug|Any CPU
		{EF7177BC-ABE8-4013-8D27-98A10CABDDC3}.Release|Any CPU.ActiveCfg = Release|Any CPU
		{EF7177BC-ABE8-4013-8D27-98A10CABDDC3}.Release|Any CPU.Build.0 = Release|Any CPU
		{2B7D73F9-9C08-4829-9ECB-33BF63F71922}.Debug|Any CPU.ActiveCfg = Debug|Any CPU
		{2B7D73F9-9C08-4829-9ECB-33BF63F71922}.Debug|Any CPU.Build.0 = Debug|Any CPU
		{2B7D73F9-9C08-4829-9ECB-33BF63F71922}.Release|Any CPU.ActiveCfg = Release|Any CPU
		{2B7D73F9-9C08-4829-9ECB-33BF63F71922}.Release|Any CPU.Build.0 = Release|Any CPU
	EndGlobalSection
	GlobalSection(SolutionProperties) = preSolution
		HideSolutionNode = FALSE
	EndGlobalSection
	GlobalSection(NestedProjects) = preSolution
		{F7B94812-0E6F-4E63-B652-FBA48F38BB78} = {79B66C58-8343-44F4-BA1E-4D19110FE1AC}
		{04B8FDF1-7577-495D-8DAB-10808B2621A8} = {79B66C58-8343-44F4-BA1E-4D19110FE1AC}
		{2DCF2873-69A5-4E77-B34C-13185E91E5D3} = {79B66C58-8343-44F4-BA1E-4D19110FE1AC}
		{BB8D1378-93AB-4B59-B23B-A66DE8F7FE4D} = {04B8FDF1-7577-495D-8DAB-10808B2621A8}
		{74431E4D-D84C-49C8-AA8B-03B1A111C54F} = {BB8D1378-93AB-4B59-B23B-A66DE8F7FE4D}
		{FC0B7947-C599-456E-8E72-2F3F31A88D7B} = {2DCF2873-69A5-4E77-B34C-13185E91E5D3}
		{94E83C36-9D81-48F2-BC7E-604E9E27AEA7} = {F7B94812-0E6F-4E63-B652-FBA48F38BB78}
		{FA67A7F9-D3AC-4ECF-A3E2-70685FAD667A} = {94E83C36-9D81-48F2-BC7E-604E9E27AEA7}
		{2E0CE6B6-C904-4592-9D21-CAA383A48DFF} = {04B8FDF1-7577-495D-8DAB-10808B2621A8}
		{11A36F02-7423-4450-B981-E8A4547254CC} = {2E0CE6B6-C904-4592-9D21-CAA383A48DFF}
		{FFE727E3-F6B1-436C-AACF-B7A781A41544} = {04B8FDF1-7577-495D-8DAB-10808B2621A8}
		{5751B3A7-147E-445F-A65D-C3849C4444CC} = {FFE727E3-F6B1-436C-AACF-B7A781A41544}
		{55E25142-CE82-4495-B96A-D57BF4C607AA} = {04B8FDF1-7577-495D-8DAB-10808B2621A8}
		{A79EA279-B940-4A55-ACE6-3B05BE8F4049} = {55E25142-CE82-4495-B96A-D57BF4C607AA}
		{C5D06178-3BA1-496F-918E-F8D32FE40C7F} = {04B8FDF1-7577-495D-8DAB-10808B2621A8}
		{EF7177BC-ABE8-4013-8D27-98A10CABDDC3} = {C5D06178-3BA1-496F-918E-F8D32FE40C7F}
		{68ABD310-40AD-4F19-81C1-7A8738894035} = {04B8FDF1-7577-495D-8DAB-10808B2621A8}
		{2B7D73F9-9C08-4829-9ECB-33BF63F71922} = {68ABD310-40AD-4F19-81C1-7A8738894035}
	EndGlobalSection
	GlobalSection(ExtensibilityGlobals) = postSolution
		SolutionGuid = {D57E74AD-8AE2-46CF-8BB3-D9EF66A420CF}
	EndGlobalSection
EndGlobal
